
Microsoft Visual Studio Solution File, Format Version 12.00
# Visual Studio Version 16
VisualStudioVersion = 16.0.32228.343
MinimumVisualStudioVersion = 10.0.40219.1
Project("{FAE04EC0-301F-11D3-BF4B-00C04F79EFBC}") = "【第２回目】プログラム作成 2個目", "【第２回目】プログラム作成 2個目\【第２回目】プログラム作成 2個目.csproj", "{EE8A74FA-AE4F-4CEF-B2B1-74FAD31E6C59}"
EndProject
Global
	GlobalSection(SolutionConfigurationPlatforms) = preSolution
		Debug|Any CPU = Debug|Any CPU
		Release|Any CPU = Release|Any CPU
	EndGlobalSection
	GlobalSection(ProjectConfigurationPlatforms) = postSolution
		{EE8A74FA-AE4F-4CEF-B2B1-74FAD31E6C59}.Debug|Any CPU.ActiveCfg = Debug|Any CPU
		{EE8A74FA-AE4F-4CEF-B2B1-74FAD31E6C59}.Debug|Any CPU.Build.0 = Debug|Any CPU
		{EE8A74FA-AE4F-4CEF-B2B1-74FAD31E6C59}.Release|Any CPU.ActiveCfg = Release|Any CPU
		{EE8A74FA-AE4F-4CEF-B2B1-74FAD31E6C59}.Release|Any CPU.Build.0 = Release|Any CPU
	EndGlobalSection
	GlobalSection(SolutionProperties) = preSolution
		HideSolutionNode = FALSE
	EndGlobalSection
	GlobalSection(ExtensibilityGlobals) = postSolution
		SolutionGuid = {3C7CEB0E-0A7F-4DA1-967D-B3F3064961A7}
	EndGlobalSection
EndGlobal
